
Microsoft Visual Studio Solution File, Format Version 12.00
# Visual Studio Version 17
VisualStudioVersion = 17.14.37012.4
MinimumVisualStudioVersion = 10.0.40219.1
Project("{F184B08F-C81C-45F6-A57F-5ABD9991F28F}") = "TrustMedHealthInformationSystem", "TrustMedHealthInformationSystem.vbproj", "{720D29AD-B1EC-414C-B3CB-21D2B5C69682}"
EndProject
Project("{2150E333-8FDC-42A3-9474-1A3956D46DE8}") = "src", "src", "{02EA681E-C7D8-13C7-8484-4AC65E1B71E8}"
	ProjectSection(SolutionItems) = preProject
		..\..\..\..\Downloads\delete.png = ..\..\..\..\Downloads\delete.png
		..\..\..\..\Downloads\add.png = ..\..\..\..\Downloads\add.png
		..\..\..\..\Downloads\TrustMed.ico = ..\..\..\..\Downloads\TrustMed.ico
		..\..\..\..\Downloads\TrustMed.png = ..\..\..\..\Downloads\TrustMed.png
		..\..\..\..\Downloads\update.png = ..\..\..\..\Downloads\update.png
	EndProjectSection
EndProject
Global
	GlobalSection(SolutionConfigurationPlatforms) = preSolution
		Debug|Any CPU = Debug|Any CPU
		Release|Any CPU = Release|Any CPU
	EndGlobalSection
	GlobalSection(ProjectConfigurationPlatforms) = postSolution
		{720D29AD-B1EC-414C-B3CB-21D2B5C69682}.Debug|Any CPU.ActiveCfg = Debug|Any CPU
		{720D29AD-B1EC-414C-B3CB-21D2B5C69682}.Debug|Any CPU.Build.0 = Debug|Any CPU
		{720D29AD-B1EC-414C-B3CB-21D2B5C69682}.Release|Any CPU.ActiveCfg = Release|Any CPU
		{720D29AD-B1EC-414C-B3CB-21D2B5C69682}.Release|Any CPU.Build.0 = Release|Any CPU
	EndGlobalSection
	GlobalSection(SolutionProperties) = preSolution
		HideSolutionNode = FALSE
	EndGlobalSection
	GlobalSection(ExtensibilityGlobals) = postSolution
		SolutionGuid = {07DDA95C-AF55-454C-BD2B-69D9CAE95D15}
	EndGlobalSection
EndGlobal
